
Microsoft Visual Studio Solution File, Format Version 12.00
# Visual Studio Version 16
VisualStudioVersion = 16.0.30309.148
MinimumVisualStudioVersion = 10.0.40219.1
Project("{FAE04EC0-301F-11D3-BF4B-00C04F79EFBC}") = "PokemonAPI", "PokemonAPI\PokemonAPI.csproj", "{E6053606-04B5-4928-B8E4-B1A37CF2F1E3}"
EndProject
Project("{2150E333-8FDC-42A3-9474-1A3956D46DE8}") = "Solution Items", "Solution Items", "{C5EEF51B-9A16-45B4-8B12-3F3CFFE32D21}"
EndProject
Global
	GlobalSection(SolutionConfigurationPlatforms) = preSolution
		Debug|Any CPU = Debug|Any CPU
		Release|Any CPU = Release|Any CPU
	EndGlobalSection
	GlobalSection(ProjectConfigurationPlatforms) = postSolution
		{E6053606-04B5-4928-B8E4-B1A37CF2F1E3}.Debug|Any CPU.ActiveCfg = Debug|Any CPU
		{E6053606-04B5-4928-B8E4-B1A37CF2F1E3}.Debug|Any CPU.Build.0 = Debug|Any CPU
		{E6053606-04B5-4928-B8E4-B1A37CF2F1E3}.Release|Any CPU.ActiveCfg = Release|Any CPU
		{E6053606-04B5-4928-B8E4-B1A37CF2F1E3}.Release|Any CPU.Build.0 = Release|Any CPU
	EndGlobalSection
	GlobalSection(SolutionProperties) = preSolution
		HideSolutionNode = FALSE
	EndGlobalSection
	GlobalSection(ExtensibilityGlobals) = postSolution
		SolutionGuid = {92B58FE1-9979-4CF4-85B7-547A046B773A}
	EndGlobalSection
EndGlobal
